{
  "version": 1,
  "dependencies": {
    "net8.0": {
      "Microsoft.Extensions.Configuration": {
        "type": "Direct",
        "requested": "[9.0.1, )",
        "resolved": "9.0.1",
        "contentHash": "VuthqFS+ju6vT8W4wevdhEFiRi1trvQtkzWLonApfF5USVzzDcTBoY3F24WvN/tffLSrycArVfX1bThm/9xY2A==",
        "dependencies": {
          "Microsoft.Extensions.Configuration.Abstractions": "9.0.1",
          "Microsoft.Extensions.Primitives": "9.0.1"
        }
      },
      "Semver": {
        "type": "Direct",
        "requested": "[3.0.0, )",
        "resolved": "3.0.0",
        "contentHash": "9jZCicsVgTebqkAujRWtC9J1A5EQVlu0TVKHcgoCuv345ve5DYf4D1MjhKEnQjdRZo6x/vdv6QQrYFs7ilGzLA==",
        "dependencies": {
          "Microsoft.Extensions.Primitives": "5.0.1"
        }
      },
      "System.IO.Pipelines": {
        "type": "Direct",
        "requested": "[9.0.1, )",
        "resolved": "9.0.1",
        "contentHash": "uXf5o8eV/gtzDQY4lGROLFMWQvcViKcF8o4Q6KpIOjloAQXrnscQSu6gTxYJMHuNJnh7szIF9AzkaEq+zDLoEg=="
      },
      "Google.Protobuf": {
        "type": "Transitive",
        "resolved": "3.29.3",
        "contentHash": "t7nZFFUFwigCwZ+nIXHDLweXvwIpsOXi+P7J7smPT/QjI3EKxnCzTQOhBqyEh6XEzc/pNH+bCFOOSjatrPt6Tw=="
      },
      "Microsoft.Extensions.Configuration.Abstractions": {
        "type": "Transitive",
        "resolved": "9.0.1",
        "contentHash": "+4hfFIY1UjBCXFTTOd+ojlDPq6mep3h5Vq5SYE3Pjucr7dNXmq4S/6P/LoVnZFz2e/5gWp/om4svUFgznfULcA==",
        "dependencies": {
          "Microsoft.Extensions.Primitives": "9.0.1"
        }
      },
      "Microsoft.Extensions.Primitives": {
        "type": "Transitive",
        "resolved": "9.0.1",
        "contentHash": "bHtTesA4lrSGD1ZUaMIx6frU3wyy0vYtTa/hM6gGQu5QNrydObv8T5COiGUWsisflAfmsaFOe9Xvw5NSO99z0g=="
      },
      "Coder.Desktop.Vpn.Proto": {
        "type": "Project",
        "dependencies": {
          "Google.Protobuf": "[3.29.3, )"
        }
      }
    }
  }
}