{
  "version": 1,
  "dependencies": {
    "net8.0": {
      "Google.Protobuf": {
        "type": "Direct",
        "requested": "[3.29.3, )",
        "resolved": "3.29.3",
        "contentHash": "t7nZFFUFwigCwZ+nIXHDLweXvwIpsOXi+P7J7smPT/QjI3EKxnCzTQOhBqyEh6XEzc/pNH+bCFOOSjatrPt6Tw=="
      },
      "Grpc.Tools": {
        "type": "Direct",
        "requested": "[2.69.0, )",
        "resolved": "2.69.0",
        "contentHash": "W5hW4R1h19FCzKb8ToqIJMI5YxnQqGmREEpV8E5XkfCtLPIK5MSHztwQ8gZUfG8qu9fg5MhItjzyPRqQBjnrbA=="
      }
    }
  }
}