
Microsoft Visual Studio Solution File, Format Version 12.00
# Visual Studio Version 17
VisualStudioVersion = 17.12.35707.178
MinimumVisualStudioVersion = 10.0.40219.1
Project("{FAE04EC0-301F-11D3-BF4B-00C04F79EFBC}") = "Vpn", "Vpn\Vpn.csproj", "{B342F896-C721-4AA5-A0F6-0BFA8EBAFACB}"
EndProject
Project("{FAE04EC0-301F-11D3-BF4B-00C04F79EFBC}") = "Vpn.Proto", "Vpn.Proto\Vpn.Proto.csproj", "{318E78BB-E6AD-410F-8F3F-B680F6880293}"
EndProject
Project("{FAE04EC0-301F-11D3-BF4B-00C04F79EFBC}") = "Vpn.Service", "Vpn.Service\Vpn.Service.csproj", "{51B91794-0A2A-4F84-9935-8E17DD2AB260}"
EndProject
Project("{FAE04EC0-301F-11D3-BF4B-00C04F79EFBC}") = "Tests.Vpn", "Tests.Vpn\Tests.Vpn.csproj", "{D247B2E7-38A0-4A69-A710-7E8FAA7B807E}"
EndProject
Project("{FAE04EC0-301F-11D3-BF4B-00C04F79EFBC}") = "Tests.Vpn.Proto", "Tests.Vpn.Proto\Tests.Vpn.Proto.csproj", "{AA3EEFF4-414B-4A83-8ACF-188C3C61CCE1}"
EndProject
Project("{FAE04EC0-301F-11D3-BF4B-00C04F79EFBC}") = "Tests.Vpn.Service", "Tests.Vpn.Service\Tests.Vpn.Service.csproj", "{D32E5FE1-C251-4A08-8EBE-B8D4F18A36F1}"
EndProject
Project("{FAE04EC0-301F-11D3-BF4B-00C04F79EFBC}") = "CoderSdk", "CoderSdk\CoderSdk.csproj", "{A3D2B2B3-A051-46BD-A190-5487A9F24C28}"
EndProject
Project("{FAE04EC0-301F-11D3-BF4B-00C04F79EFBC}") = "App", "App\App.csproj", "{800C7E2D-0D86-4554-9903-B879DA6FA2CE}"
EndProject
Project("{FAE04EC0-301F-11D3-BF4B-00C04F79EFBC}") = "Vpn.DebugClient", "Vpn.DebugClient\Vpn.DebugClient.csproj", "{1BBFDF88-B25F-4C07-99C2-30DA384DB730}"
EndProject
Project("{FAE04EC0-301F-11D3-BF4B-00C04F79EFBC}") = "Installer", "Installer\Installer.csproj", "{39F5B55A-09D8-477D-A3FA-ADAC29C52605}"
EndProject
Project("{FAE04EC0-301F-11D3-BF4B-00C04F79EFBC}") = "Tests.App", "Tests.App\Tests.App.csproj", "{3E91CED7-5528-4B46-8722-FB95D4FAB967}"
EndProject
Global
	GlobalSection(SolutionConfigurationPlatforms) = preSolution
		Debug|Any CPU = Debug|Any CPU
		Debug|ARM64 = Debug|ARM64
		Debug|x64 = Debug|x64
		Debug|x86 = Debug|x86
		Release|Any CPU = Release|Any CPU
		Release|ARM64 = Release|ARM64
		Release|x64 = Release|x64
		Release|x86 = Release|x86
	EndGlobalSection
	GlobalSection(ProjectConfigurationPlatforms) = postSolution
		{B342F896-C721-4AA5-A0F6-0BFA8EBAFACB}.Debug|Any CPU.ActiveCfg = Debug|Any CPU
		{B342F896-C721-4AA5-A0F6-0BFA8EBAFACB}.Debug|Any CPU.Build.0 = Debug|Any CPU
		{B342F896-C721-4AA5-A0F6-0BFA8EBAFACB}.Debug|ARM64.ActiveCfg = Debug|Any CPU
		{B342F896-C721-4AA5-A0F6-0BFA8EBAFACB}.Debug|ARM64.Build.0 = Debug|Any CPU
		{B342F896-C721-4AA5-A0F6-0BFA8EBAFACB}.Debug|x64.ActiveCfg = Debug|Any CPU
		{B342F896-C721-4AA5-A0F6-0BFA8EBAFACB}.Debug|x64.Build.0 = Debug|Any CPU
		{B342F896-C721-4AA5-A0F6-0BFA8EBAFACB}.Debug|x86.ActiveCfg = Debug|Any CPU
		{B342F896-C721-4AA5-A0F6-0BFA8EBAFACB}.Debug|x86.Build.0 = Debug|Any CPU
		{B342F896-C721-4AA5-A0F6-0BFA8EBAFACB}.Release|Any CPU.ActiveCfg = Release|Any CPU
		{B342F896-C721-4AA5-A0F6-0BFA8EBAFACB}.Release|Any CPU.Build.0 = Release|Any CPU
		{B342F896-C721-4AA5-A0F6-0BFA8EBAFACB}.Release|ARM64.ActiveCfg = Release|Any CPU
		{B342F896-C721-4AA5-A0F6-0BFA8EBAFACB}.Release|ARM64.Build.0 = Release|Any CPU
		{B342F896-C721-4AA5-A0F6-0BFA8EBAFACB}.Release|x64.ActiveCfg = Release|Any CPU
		{B342F896-C721-4AA5-A0F6-0BFA8EBAFACB}.Release|x64.Build.0 = Release|Any CPU
		{B342F896-C721-4AA5-A0F6-0BFA8EBAFACB}.Release|x86.ActiveCfg = Release|Any CPU
		{B342F896-C721-4AA5-A0F6-0BFA8EBAFACB}.Release|x86.Build.0 = Release|Any CPU
		{318E78BB-E6AD-410F-8F3F-B680F6880293}.Debug|Any CPU.ActiveCfg = Debug|Any CPU
		{318E78BB-E6AD-410F-8F3F-B680F6880293}.Debug|Any CPU.Build.0 = Debug|Any CPU
		{318E78BB-E6AD-410F-8F3F-B680F6880293}.Debug|ARM64.ActiveCfg = Debug|Any CPU
		{318E78BB-E6AD-410F-8F3F-B680F6880293}.Debug|ARM64.Build.0 = Debug|Any CPU
		{318E78BB-E6AD-410F-8F3F-B680F6880293}.Debug|x64.ActiveCfg = Debug|Any CPU
		{318E78BB-E6AD-410F-8F3F-B680F6880293}.Debug|x64.Build.0 = Debug|Any CPU
		{318E78BB-E6AD-410F-8F3F-B680F6880293}.Debug|x86.ActiveCfg = Debug|Any CPU
		{318E78BB-E6AD-410F-8F3F-B680F6880293}.Debug|x86.Build.0 = Debug|Any CPU
		{318E78BB-E6AD-410F-8F3F-B680F6880293}.Release|Any CPU.ActiveCfg = Release|Any CPU
		{318E78BB-E6AD-410F-8F3F-B680F6880293}.Release|Any CPU.Build.0 = Release|Any CPU
		{318E78BB-E6AD-410F-8F3F-B680F6880293}.Release|ARM64.ActiveCfg = Release|Any CPU
		{318E78BB-E6AD-410F-8F3F-B680F6880293}.Release|ARM64.Build.0 = Release|Any CPU
		{318E78BB-E6AD-410F-8F3F-B680F6880293}.Release|x64.ActiveCfg = Release|Any CPU
		{318E78BB-E6AD-410F-8F3F-B680F6880293}.Release|x64.Build.0 = Release|Any CPU
		{318E78BB-E6AD-410F-8F3F-B680F6880293}.Release|x86.ActiveCfg = Release|Any CPU
		{318E78BB-E6AD-410F-8F3F-B680F6880293}.Release|x86.Build.0 = Release|Any CPU
		{51B91794-0A2A-4F84-9935-8E17DD2AB260}.Debug|Any CPU.ActiveCfg = Debug|Any CPU
		{51B91794-0A2A-4F84-9935-8E17DD2AB260}.Debug|Any CPU.Build.0 = Debug|Any CPU
		{51B91794-0A2A-4F84-9935-8E17DD2AB260}.Debug|ARM64.ActiveCfg = Debug|Any CPU
		{51B91794-0A2A-4F84-9935-8E17DD2AB260}.Debug|ARM64.Build.0 = Debug|Any CPU
		{51B91794-0A2A-4F84-9935-8E17DD2AB260}.Debug|x64.ActiveCfg = Debug|Any CPU
		{51B91794-0A2A-4F84-9935-8E17DD2AB260}.Debug|x64.Build.0 = Debug|Any CPU
		{51B91794-0A2A-4F84-9935-8E17DD2AB260}.Debug|x86.ActiveCfg = Debug|Any CPU
		{51B91794-0A2A-4F84-9935-8E17DD2AB260}.Debug|x86.Build.0 = Debug|Any CPU
		{51B91794-0A2A-4F84-9935-8E17DD2AB260}.Release|Any CPU.ActiveCfg = Release|Any CPU
		{51B91794-0A2A-4F84-9935-8E17DD2AB260}.Release|Any CPU.Build.0 = Release|Any CPU
		{51B91794-0A2A-4F84-9935-8E17DD2AB260}.Release|ARM64.ActiveCfg = Release|Any CPU
		{51B91794-0A2A-4F84-9935-8E17DD2AB260}.Release|ARM64.Build.0 = Release|Any CPU
		{51B91794-0A2A-4F84-9935-8E17DD2AB260}.Release|x64.ActiveCfg = Release|Any CPU
		{51B91794-0A2A-4F84-9935-8E17DD2AB260}.Release|x64.Build.0 = Release|Any CPU
		{51B91794-0A2A-4F84-9935-8E17DD2AB260}.Release|x86.ActiveCfg = Release|Any CPU
		{51B91794-0A2A-4F84-9935-8E17DD2AB260}.Release|x86.Build.0 = Release|Any CPU
		{D247B2E7-38A0-4A69-A710-7E8FAA7B807E}.Debug|Any CPU.ActiveCfg = Debug|Any CPU
		{D247B2E7-38A0-4A69-A710-7E8FAA7B807E}.Debug|Any CPU.Build.0 = Debug|Any CPU
		{D247B2E7-38A0-4A69-A710-7E8FAA7B807E}.Debug|ARM64.ActiveCfg = Debug|Any CPU
		{D247B2E7-38A0-4A69-A710-7E8FAA7B807E}.Debug|ARM64.Build.0 = Debug|Any CPU
		{D247B2E7-38A0-4A69-A710-7E8FAA7B807E}.Debug|x64.ActiveCfg = Debug|Any CPU
		{D247B2E7-38A0-4A69-A710-7E8FAA7B807E}.Debug|x64.Build.0 = Debug|Any CPU
		{D247B2E7-38A0-4A69-A710-7E8FAA7B807E}.Debug|x86.ActiveCfg = Debug|Any CPU
		{D247B2E7-38A0-4A69-A710-7E8FAA7B807E}.Debug|x86.Build.0 = Debug|Any CPU
		{D247B2E7-38A0-4A69-A710-7E8FAA7B807E}.Release|Any CPU.ActiveCfg = Release|Any CPU
		{D247B2E7-38A0-4A69-A710-7E8FAA7B807E}.Release|Any CPU.Build.0 = Release|Any CPU
		{D247B2E7-38A0-4A69-A710-7E8FAA7B807E}.Release|ARM64.ActiveCfg = Release|Any CPU
		{D247B2E7-38A0-4A69-A710-7E8FAA7B807E}.Release|ARM64.Build.0 = Release|Any CPU
		{D247B2E7-38A0-4A69-A710-7E8FAA7B807E}.Release|x64.ActiveCfg = Release|Any CPU
		{D247B2E7-38A0-4A69-A710-7E8FAA7B807E}.Release|x64.Build.0 = Release|Any CPU
		{D247B2E7-38A0-4A69-A710-7E8FAA7B807E}.Release|x86.ActiveCfg = Release|Any CPU
		{D247B2E7-38A0-4A69-A710-7E8FAA7B807E}.Release|x86.Build.0 = Release|Any CPU
		{AA3EEFF4-414B-4A83-8ACF-188C3C61CCE1}.Debug|Any CPU.ActiveCfg = Debug|Any CPU
		{AA3EEFF4-414B-4A83-8ACF-188C3C61CCE1}.Debug|Any CPU.Build.0 = Debug|Any CPU
		{AA3EEFF4-414B-4A83-8ACF-188C3C61CCE1}.Debug|ARM64.ActiveCfg = Debug|Any CPU
		{AA3EEFF4-414B-4A83-8ACF-188C3C61CCE1}.Debug|ARM64.Build.0 = Debug|Any CPU
		{AA3EEFF4-414B-4A83-8ACF-188C3C61CCE1}.Debug|x64.ActiveCfg = Debug|Any CPU
		{AA3EEFF4-414B-4A83-8ACF-188C3C61CCE1}.Debug|x64.Build.0 = Debug|Any CPU
		{AA3EEFF4-414B-4A83-8ACF-188C3C61CCE1}.Debug|x86.ActiveCfg = Debug|Any CPU
		{AA3EEFF4-414B-4A83-8ACF-188C3C61CCE1}.Debug|x86.Build.0 = Debug|Any CPU
		{AA3EEFF4-414B-4A83-8ACF-188C3C61CCE1}.Release|Any CPU.ActiveCfg = Release|Any CPU
		{AA3EEFF4-414B-4A83-8ACF-188C3C61CCE1}.Release|Any CPU.Build.0 = Release|Any CPU
		{AA3EEFF4-414B-4A83-8ACF-188C3C61CCE1}.Release|ARM64.ActiveCfg = Release|Any CPU
		{AA3EEFF4-414B-4A83-8ACF-188C3C61CCE1}.Release|ARM64.Build.0 = Release|Any CPU
		{AA3EEFF4-414B-4A83-8ACF-188C3C61CCE1}.Release|x64.ActiveCfg = Release|Any CPU
		{AA3EEFF4-414B-4A83-8ACF-188C3C61CCE1}.Release|x64.Build.0 = Release|Any CPU
		{AA3EEFF4-414B-4A83-8ACF-188C3C61CCE1}.Release|x86.ActiveCfg = Release|Any CPU
		{AA3EEFF4-414B-4A83-8ACF-188C3C61CCE1}.Release|x86.Build.0 = Release|Any CPU
		{D32E5FE1-C251-4A08-8EBE-B8D4F18A36F1}.Debug|Any CPU.ActiveCfg = Debug|Any CPU
		{D32E5FE1-C251-4A08-8EBE-B8D4F18A36F1}.Debug|Any CPU.Build.0 = Debug|Any CPU
		{D32E5FE1-C251-4A08-8EBE-B8D4F18A36F1}.Debug|ARM64.ActiveCfg = Debug|Any CPU
		{D32E5FE1-C251-4A08-8EBE-B8D4F18A36F1}.Debug|ARM64.Build.0 = Debug|Any CPU
		{D32E5FE1-C251-4A08-8EBE-B8D4F18A36F1}.Debug|x64.ActiveCfg = Debug|Any CPU
		{D32E5FE1-C251-4A08-8EBE-B8D4F18A36F1}.Debug|x64.Build.0 = Debug|Any CPU
		{D32E5FE1-C251-4A08-8EBE-B8D4F18A36F1}.Debug|x86.ActiveCfg = Debug|Any CPU
		{D32E5FE1-C251-4A08-8EBE-B8D4F18A36F1}.Debug|x86.Build.0 = Debug|Any CPU
		{D32E5FE1-C251-4A08-8EBE-B8D4F18A36F1}.Release|Any CPU.ActiveCfg = Release|Any CPU
		{D32E5FE1-C251-4A08-8EBE-B8D4F18A36F1}.Release|Any CPU.Build.0 = Release|Any CPU
		{D32E5FE1-C251-4A08-8EBE-B8D4F18A36F1}.Release|ARM64.ActiveCfg = Release|Any CPU
		{D32E5FE1-C251-4A08-8EBE-B8D4F18A36F1}.Release|ARM64.Build.0 = Release|Any CPU
		{D32E5FE1-C251-4A08-8EBE-B8D4F18A36F1}.Release|x64.ActiveCfg = Release|Any CPU
		{D32E5FE1-C251-4A08-8EBE-B8D4F18A36F1}.Release|x64.Build.0 = Release|Any CPU
		{D32E5FE1-C251-4A08-8EBE-B8D4F18A36F1}.Release|x86.ActiveCfg = Release|Any CPU
		{D32E5FE1-C251-4A08-8EBE-B8D4F18A36F1}.Release|x86.Build.0 = Release|Any CPU
		{A3D2B2B3-A051-46BD-A190-5487A9F24C28}.Debug|Any CPU.ActiveCfg = Debug|Any CPU
		{A3D2B2B3-A051-46BD-A190-5487A9F24C28}.Debug|Any CPU.Build.0 = Debug|Any CPU
		{A3D2B2B3-A051-46BD-A190-5487A9F24C28}.Debug|ARM64.ActiveCfg = Debug|Any CPU
		{A3D2B2B3-A051-46BD-A190-5487A9F24C28}.Debug|ARM64.Build.0 = Debug|Any CPU
		{A3D2B2B3-A051-46BD-A190-5487A9F24C28}.Debug|x64.ActiveCfg = Debug|Any CPU
		{A3D2B2B3-A051-46BD-A190-5487A9F24C28}.Debug|x64.Build.0 = Debug|Any CPU
		{A3D2B2B3-A051-46BD-A190-5487A9F24C28}.Debug|x86.ActiveCfg = Debug|Any CPU
		{A3D2B2B3-A051-46BD-A190-5487A9F24C28}.Debug|x86.Build.0 = Debug|Any CPU
		{A3D2B2B3-A051-46BD-A190-5487A9F24C28}.Release|Any CPU.ActiveCfg = Release|Any CPU
		{A3D2B2B3-A051-46BD-A190-5487A9F24C28}.Release|Any CPU.Build.0 = Release|Any CPU
		{A3D2B2B3-A051-46BD-A190-5487A9F24C28}.Release|ARM64.ActiveCfg = Release|Any CPU
		{A3D2B2B3-A051-46BD-A190-5487A9F24C28}.Release|ARM64.Build.0 = Release|Any CPU
		{A3D2B2B3-A051-46BD-A190-5487A9F24C28}.Release|x64.ActiveCfg = Release|Any CPU
		{A3D2B2B3-A051-46BD-A190-5487A9F24C28}.Release|x64.Build.0 = Release|Any CPU
		{A3D2B2B3-A051-46BD-A190-5487A9F24C28}.Release|x86.ActiveCfg = Release|Any CPU
		{A3D2B2B3-A051-46BD-A190-5487A9F24C28}.Release|x86.Build.0 = Release|Any CPU
		{800C7E2D-0D86-4554-9903-B879DA6FA2CE}.Debug|Any CPU.ActiveCfg = Debug|x64
		{800C7E2D-0D86-4554-9903-B879DA6FA2CE}.Debug|Any CPU.Build.0 = Debug|x64
		{800C7E2D-0D86-4554-9903-B879DA6FA2CE}.Debug|Any CPU.Deploy.0 = Debug|x64
		{800C7E2D-0D86-4554-9903-B879DA6FA2CE}.Debug|ARM64.ActiveCfg = Debug|ARM64
		{800C7E2D-0D86-4554-9903-B879DA6FA2CE}.Debug|ARM64.Build.0 = Debug|ARM64
		{800C7E2D-0D86-4554-9903-B879DA6FA2CE}.Debug|ARM64.Deploy.0 = Debug|ARM64
		{800C7E2D-0D86-4554-9903-B879DA6FA2CE}.Debug|x64.ActiveCfg = Debug|x64
		{800C7E2D-0D86-4554-9903-B879DA6FA2CE}.Debug|x64.Build.0 = Debug|x64
		{800C7E2D-0D86-4554-9903-B879DA6FA2CE}.Debug|x64.Deploy.0 = Debug|x64
		{800C7E2D-0D86-4554-9903-B879DA6FA2CE}.Debug|x86.ActiveCfg = Debug|x86
		{800C7E2D-0D86-4554-9903-B879DA6FA2CE}.Debug|x86.Build.0 = Debug|x86
		{800C7E2D-0D86-4554-9903-B879DA6FA2CE}.Debug|x86.Deploy.0 = Debug|x86
		{800C7E2D-0D86-4554-9903-B879DA6FA2CE}.Release|Any CPU.ActiveCfg = Release|x64
		{800C7E2D-0D86-4554-9903-B879DA6FA2CE}.Release|Any CPU.Build.0 = Release|x64
		{800C7E2D-0D86-4554-9903-B879DA6FA2CE}.Release|Any CPU.Deploy.0 = Release|x64
		{800C7E2D-0D86-4554-9903-B879DA6FA2CE}.Release|ARM64.ActiveCfg = Release|ARM64
		{800C7E2D-0D86-4554-9903-B879DA6FA2CE}.Release|ARM64.Build.0 = Release|ARM64
		{800C7E2D-0D86-4554-9903-B879DA6FA2CE}.Release|ARM64.Deploy.0 = Release|ARM64
		{800C7E2D-0D86-4554-9903-B879DA6FA2CE}.Release|x64.ActiveCfg = Release|x64
		{800C7E2D-0D86-4554-9903-B879DA6FA2CE}.Release|x64.Build.0 = Release|x64
		{800C7E2D-0D86-4554-9903-B879DA6FA2CE}.Release|x64.Deploy.0 = Release|x64
		{800C7E2D-0D86-4554-9903-B879DA6FA2CE}.Release|x86.ActiveCfg = Release|x86
		{800C7E2D-0D86-4554-9903-B879DA6FA2CE}.Release|x86.Build.0 = Release|x86
		{800C7E2D-0D86-4554-9903-B879DA6FA2CE}.Release|x86.Deploy.0 = Release|x86
		{1BBFDF88-B25F-4C07-99C2-30DA384DB730}.Debug|Any CPU.ActiveCfg = Debug|Any CPU
		{1BBFDF88-B25F-4C07-99C2-30DA384DB730}.Debug|Any CPU.Build.0 = Debug|Any CPU
		{1BBFDF88-B25F-4C07-99C2-30DA384DB730}.Debug|ARM64.ActiveCfg = Debug|Any CPU
		{1BBFDF88-B25F-4C07-99C2-30DA384DB730}.Debug|ARM64.Build.0 = Debug|Any CPU
		{1BBFDF88-B25F-4C07-99C2-30DA384DB730}.Debug|x64.ActiveCfg = Debug|Any CPU
		{1BBFDF88-B25F-4C07-99C2-30DA384DB730}.Debug|x64.Build.0 = Debug|Any CPU
		{1BBFDF88-B25F-4C07-99C2-30DA384DB730}.Debug|x86.ActiveCfg = Debug|Any CPU
		{1BBFDF88-B25F-4C07-99C2-30DA384DB730}.Debug|x86.Build.0 = Debug|Any CPU
		{1BBFDF88-B25F-4C07-99C2-30DA384DB730}.Release|Any CPU.ActiveCfg = Release|Any CPU
		{1BBFDF88-B25F-4C07-99C2-30DA384DB730}.Release|Any CPU.Build.0 = Release|Any CPU
		{1BBFDF88-B25F-4C07-99C2-30DA384DB730}.Release|ARM64.ActiveCfg = Release|Any CPU
		{1BBFDF88-B25F-4C07-99C2-30DA384DB730}.Release|ARM64.Build.0 = Release|Any CPU
		{1BBFDF88-B25F-4C07-99C2-30DA384DB730}.Release|x64.ActiveCfg = Release|Any CPU
		{1BBFDF88-B25F-4C07-99C2-30DA384DB730}.Release|x64.Build.0 = Release|Any CPU
		{1BBFDF88-B25F-4C07-99C2-30DA384DB730}.Release|x86.ActiveCfg = Release|Any CPU
		{1BBFDF88-B25F-4C07-99C2-30DA384DB730}.Release|x86.Build.0 = Release|Any CPU
		{39F5B55A-09D8-477D-A3FA-ADAC29C52605}.Debug|Any CPU.ActiveCfg = Debug|Any CPU
		{39F5B55A-09D8-477D-A3FA-ADAC29C52605}.Debug|Any CPU.Build.0 = Debug|Any CPU
		{39F5B55A-09D8-477D-A3FA-ADAC29C52605}.Debug|ARM64.ActiveCfg = Debug|Any CPU
		{39F5B55A-09D8-477D-A3FA-ADAC29C52605}.Debug|ARM64.Build.0 = Debug|Any CPU
		{39F5B55A-09D8-477D-A3FA-ADAC29C52605}.Debug|x64.ActiveCfg = Debug|Any CPU
		{39F5B55A-09D8-477D-A3FA-ADAC29C52605}.Debug|x64.Build.0 = Debug|Any CPU
		{39F5B55A-09D8-477D-A3FA-ADAC29C52605}.Debug|x86.ActiveCfg = Debug|Any CPU
		{39F5B55A-09D8-477D-A3FA-ADAC29C52605}.Debug|x86.Build.0 = Debug|Any CPU
		{39F5B55A-09D8-477D-A3FA-ADAC29C52605}.Release|Any CPU.ActiveCfg = Release|Any CPU
		{39F5B55A-09D8-477D-A3FA-ADAC29C52605}.Release|Any CPU.Build.0 = Release|Any CPU
		{39F5B55A-09D8-477D-A3FA-ADAC29C52605}.Release|ARM64.ActiveCfg = Release|Any CPU
		{39F5B55A-09D8-477D-A3FA-ADAC29C52605}.Release|ARM64.Build.0 = Release|Any CPU
		{39F5B55A-09D8-477D-A3FA-ADAC29C52605}.Release|x64.ActiveCfg = Release|Any CPU
		{39F5B55A-09D8-477D-A3FA-ADAC29C52605}.Release|x64.Build.0 = Release|Any CPU
		{39F5B55A-09D8-477D-A3FA-ADAC29C52605}.Release|x86.ActiveCfg = Release|Any CPU
		{39F5B55A-09D8-477D-A3FA-ADAC29C52605}.Release|x86.Build.0 = Release|Any CPU
		{3E91CED7-5528-4B46-8722-FB95D4FAB967}.Debug|Any CPU.ActiveCfg = Debug|Any CPU
		{3E91CED7-5528-4B46-8722-FB95D4FAB967}.Debug|Any CPU.Build.0 = Debug|Any CPU
		{3E91CED7-5528-4B46-8722-FB95D4FAB967}.Debug|ARM64.ActiveCfg = Debug|Any CPU
		{3E91CED7-5528-4B46-8722-FB95D4FAB967}.Debug|ARM64.Build.0 = Debug|Any CPU
		{3E91CED7-5528-4B46-8722-FB95D4FAB967}.Debug|x64.ActiveCfg = Debug|Any CPU
		{3E91CED7-5528-4B46-8722-FB95D4FAB967}.Debug|x64.Build.0 = Debug|Any CPU
		{3E91CED7-5528-4B46-8722-FB95D4FAB967}.Debug|x86.ActiveCfg = Debug|Any CPU
		{3E91CED7-5528-4B46-8722-FB95D4FAB967}.Debug|x86.Build.0 = Debug|Any CPU
		{3E91CED7-5528-4B46-8722-FB95D4FAB967}.Release|Any CPU.ActiveCfg = Release|Any CPU
		{3E91CED7-5528-4B46-8722-FB95D4FAB967}.Release|Any CPU.Build.0 = Release|Any CPU
		{3E91CED7-5528-4B46-8722-FB95D4FAB967}.Release|ARM64.ActiveCfg = Release|Any CPU
		{3E91CED7-5528-4B46-8722-FB95D4FAB967}.Release|ARM64.Build.0 = Release|Any CPU
		{3E91CED7-5528-4B46-8722-FB95D4FAB967}.Release|x64.ActiveCfg = Release|Any CPU
		{3E91CED7-5528-4B46-8722-FB95D4FAB967}.Release|x64.Build.0 = Release|Any CPU
		{3E91CED7-5528-4B46-8722-FB95D4FAB967}.Release|x86.ActiveCfg = Release|Any CPU
		{3E91CED7-5528-4B46-8722-FB95D4FAB967}.Release|x86.Build.0 = Release|Any CPU
	EndGlobalSection
	GlobalSection(SolutionProperties) = preSolution
		HideSolutionNode = FALSE
	EndGlobalSection
	GlobalSection(ExtensibilityGlobals) = postSolution
		SolutionGuid = {FC108D8D-B425-4DA0-B9CC-69670BCF4835}
	EndGlobalSection
EndGlobal
