{
  "version": 1,
  "dependencies": {
    "net8.0-windows10.0.19041": {
      "CommunityToolkit.Mvvm": {
        "type": "Direct",
        "requested": "[8.4.0, )",
        "resolved": "8.4.0",
        "contentHash": "tqVU8yc/ADO9oiTRyTnwhFN68hCwvkliMierptWOudIAvWY1mWCh5VFh+guwHJmpMwfg0J0rY+yyd5Oy7ty9Uw=="
      },
      "DependencyPropertyGenerator": {
        "type": "Direct",
        "requested": "[1.5.0, )",
        "resolved": "1.5.0",
        "contentHash": "y9XF3i+U6nnzuVvmwBw7zW+1ztOXT8lMu084Ir4nNeLGVd1308qR2nCR6Yl06FXfjYMKU3+bknZ/otqkz6VEUQ=="
      },
      "H.NotifyIcon.WinUI": {
        "type": "Direct",
        "requested": "[2.2.0, )",
        "resolved": "2.2.0",
        "contentHash": "iWaNX3qbcOWisPygW091RFzY1tl//Nm2HCIzBxFDoz+cpRhdInuV/xelqQ8WQTM0z5PamA9+FgGlSYygzu18Gw==",
        "dependencies": {
          "H.NotifyIcon": "2.2.0",
          "Microsoft.WindowsAppSDK": "1.6.241114003",
          "System.Collections.Immutable": "9.0.0",
          "System.Reflection.Metadata": "9.0.0"
        }
      },
      "Microsoft.Windows.SDK.BuildTools": {
        "type": "Direct",
        "requested": "[10.0.26100.1742, )",
        "resolved": "10.0.26100.1742",
        "contentHash": "ypcHjr4KEi6xQhgClnbXoANHcyyX/QsC4Rky4igs6M4GiDa+weegPo8JuV/VMxqrZCV4zlqDsp2krgkN7ReAAg=="
      },
      "Microsoft.WindowsAppSDK": {
        "type": "Direct",
        "requested": "[1.6.250108002, )",
        "resolved": "1.6.250108002",
        "contentHash": "dOJ3oFeHnehVBAR98lR6YfX0JgDJkrehLqwZQqQE/iZgyye1c1TZu9oj3MBbgWP9xFApWUrb0G49KKnQWEZLtA==",
        "dependencies": {
          "Microsoft.Web.WebView2": "1.0.2651.64",
          "Microsoft.Windows.SDK.BuildTools": "10.0.22621.756"
        }
      },
      "H.GeneratedIcons.System.Drawing": {
        "type": "Transitive",
        "resolved": "2.2.0",
        "contentHash": "KJ/hQZTtW3w8Rw8ktogAwY9AcVzpUldVprTD3eyQ1XyZINLHBQqgtu0ZArmuYlp+lUR0lsqAmaARXZIOFBWmQg==",
        "dependencies": {
          "System.Drawing.Common": "9.0.0"
        }
      },
      "H.NotifyIcon": {
        "type": "Transitive",
        "resolved": "2.2.0",
        "contentHash": "x3rk9dLAXpMrfngnC7oHmYF4sULEpEdD9hLMIt0W41MZ8WYeCY63SeyJX1TKcvJ7BI24JciLxhXOuWrSRCEiQA==",
        "dependencies": {
          "H.GeneratedIcons.System.Drawing": "2.2.0"
        }
      },
      "Microsoft.Web.WebView2": {
        "type": "Transitive",
        "resolved": "1.0.2651.64",
        "contentHash": "f5sc/vcAoTCTEW7Nqzp4galAuTRguZViw8ksn+Nx2uskEBPm0/ubzy6gVjvXS/P96jLS89C8T9I0hPc417xpNg=="
      },
      "Microsoft.Win32.SystemEvents": {
        "type": "Transitive",
        "resolved": "9.0.0",
        "contentHash": "z8FfGIaoeALdD+KF44A2uP8PZIQQtDGiXsOLuN8nohbKhkyKt7zGaZb+fKiCxTuBqG22Q7myIAioSWaIcOOrOw=="
      },
      "System.Collections.Immutable": {
        "type": "Transitive",
        "resolved": "9.0.0",
        "contentHash": "QhkXUl2gNrQtvPmtBTQHb0YsUrDiDQ2QS09YbtTTiSjGcf7NBqtYbrG/BE06zcBPCKEwQGzIv13IVdXNOSub2w=="
      },
      "System.Drawing.Common": {
        "type": "Transitive",
        "resolved": "9.0.0",
        "contentHash": "uoozjI3+dlgKh2onFJcz8aNLh6TRCPlLSh8Dbuljc8CdvqXrxHOVysJlrHvlsOCqceqGBR1wrMPxlnzzhynktw==",
        "dependencies": {
          "Microsoft.Win32.SystemEvents": "9.0.0"
        }
      },
      "System.Reflection.Metadata": {
        "type": "Transitive",
        "resolved": "9.0.0",
        "contentHash": "ANiqLu3DxW9kol/hMmTWbt3414t9ftdIuiIU7j80okq2YzAueo120M442xk1kDJWtmZTqWQn7wHDvMRipVOEOQ==",
        "dependencies": {
          "System.Collections.Immutable": "9.0.0"
        }
      }
    },
    "net8.0-windows10.0.19041/win-arm64": {
      "Microsoft.WindowsAppSDK": {
        "type": "Direct",
        "requested": "[1.6.250108002, )",
        "resolved": "1.6.250108002",
        "contentHash": "dOJ3oFeHnehVBAR98lR6YfX0JgDJkrehLqwZQqQE/iZgyye1c1TZu9oj3MBbgWP9xFApWUrb0G49KKnQWEZLtA==",
        "dependencies": {
          "Microsoft.Web.WebView2": "1.0.2651.64",
          "Microsoft.Windows.SDK.BuildTools": "10.0.22621.756"
        }
      },
      "Microsoft.Web.WebView2": {
        "type": "Transitive",
        "resolved": "1.0.2651.64",
        "contentHash": "f5sc/vcAoTCTEW7Nqzp4galAuTRguZViw8ksn+Nx2uskEBPm0/ubzy6gVjvXS/P96jLS89C8T9I0hPc417xpNg=="
      },
      "Microsoft.Win32.SystemEvents": {
        "type": "Transitive",
        "resolved": "9.0.0",
        "contentHash": "z8FfGIaoeALdD+KF44A2uP8PZIQQtDGiXsOLuN8nohbKhkyKt7zGaZb+fKiCxTuBqG22Q7myIAioSWaIcOOrOw=="
      }
    },
    "net8.0-windows10.0.19041/win-x64": {
      "Microsoft.WindowsAppSDK": {
        "type": "Direct",
        "requested": "[1.6.250108002, )",
        "resolved": "1.6.250108002",
        "contentHash": "dOJ3oFeHnehVBAR98lR6YfX0JgDJkrehLqwZQqQE/iZgyye1c1TZu9oj3MBbgWP9xFApWUrb0G49KKnQWEZLtA==",
        "dependencies": {
          "Microsoft.Web.WebView2": "1.0.2651.64",
          "Microsoft.Windows.SDK.BuildTools": "10.0.22621.756"
        }
      },
      "Microsoft.Web.WebView2": {
        "type": "Transitive",
        "resolved": "1.0.2651.64",
        "contentHash": "f5sc/vcAoTCTEW7Nqzp4galAuTRguZViw8ksn+Nx2uskEBPm0/ubzy6gVjvXS/P96jLS89C8T9I0hPc417xpNg=="
      },
      "Microsoft.Win32.SystemEvents": {
        "type": "Transitive",
        "resolved": "9.0.0",
        "contentHash": "z8FfGIaoeALdD+KF44A2uP8PZIQQtDGiXsOLuN8nohbKhkyKt7zGaZb+fKiCxTuBqG22Q7myIAioSWaIcOOrOw=="
      }
    },
    "net8.0-windows10.0.19041/win-x86": {
      "Microsoft.WindowsAppSDK": {
        "type": "Direct",
        "requested": "[1.6.250108002, )",
        "resolved": "1.6.250108002",
        "contentHash": "dOJ3oFeHnehVBAR98lR6YfX0JgDJkrehLqwZQqQE/iZgyye1c1TZu9oj3MBbgWP9xFApWUrb0G49KKnQWEZLtA==",
        "dependencies": {
          "Microsoft.Web.WebView2": "1.0.2651.64",
          "Microsoft.Windows.SDK.BuildTools": "10.0.22621.756"
        }
      },
      "Microsoft.Web.WebView2": {
        "type": "Transitive",
        "resolved": "1.0.2651.64",
        "contentHash": "f5sc/vcAoTCTEW7Nqzp4galAuTRguZViw8ksn+Nx2uskEBPm0/ubzy6gVjvXS/P96jLS89C8T9I0hPc417xpNg=="
      },
      "Microsoft.Win32.SystemEvents": {
        "type": "Transitive",
        "resolved": "9.0.0",
        "contentHash": "z8FfGIaoeALdD+KF44A2uP8PZIQQtDGiXsOLuN8nohbKhkyKt7zGaZb+fKiCxTuBqG22Q7myIAioSWaIcOOrOw=="
      }
    }
  }
}