{
  "version": 1,
  "dependencies": {
    "net8.0": {
      "CommunityToolkit.Mvvm": {
        "type": "Direct",
        "requested": "[8.4.0, )",
        "resolved": "8.4.0",
        "contentHash": "tqVU8yc/ADO9oiTRyTnwhFN68hCwvkliMierptWOudIAvWY1mWCh5VFh+guwHJmpMwfg0J0rY+yyd5Oy7ty9Uw=="
      },
      "Microsoft.Extensions.DependencyInjection.Abstractions": {
        "type": "Direct",
        "requested": "[9.0.9, )",
        "resolved": "9.0.9",
        "contentHash": "/hymojfWbE9AlDOa0mczR44m00Jj+T3+HZO0ZnVTI032fVycI0ZbNOVFP6kqZMcXiLSYXzR2ilcwaRi6dzeGyA=="
      },
      "Microsoft.Extensions.Hosting.Abstractions": {
        "type": "Direct",
        "requested": "[9.0.9, )",
        "resolved": "9.0.9",
        "contentHash": "ORA4dICNz7cuwupPkjXpSuoiK6GMg0aygInBIQCCFEimwoHntRKdJqB59faxq2HHJuTPW3NsZm5EjN5P5Zh6nQ==",
        "dependencies": {
          "Microsoft.Extensions.Configuration.Abstractions": "9.0.9",
          "Microsoft.Extensions.DependencyInjection.Abstractions": "9.0.9",
          "Microsoft.Extensions.Diagnostics.Abstractions": "9.0.9",
          "Microsoft.Extensions.FileProviders.Abstractions": "9.0.9",
          "Microsoft.Extensions.Logging.Abstractions": "9.0.9"
        }
      },
      "Microsoft.Extensions.Options": {
        "type": "Direct",
        "requested": "[9.0.9, )",
        "resolved": "9.0.9",
        "contentHash": "loxGGHE1FC2AefwPHzrjPq7X92LQm64qnU/whKfo6oWaceewPUVYQJBJs3S3E2qlWwnCpeZ+dGCPTX+5dgVAuQ==",
        "dependencies": {
          "Microsoft.Extensions.DependencyInjection.Abstractions": "9.0.9",
          "Microsoft.Extensions.Primitives": "9.0.9"
        }
      },
      "NetSparkleUpdater.SparkleUpdater": {
        "type": "Direct",
        "requested": "[3.0.3, )",
        "resolved": "3.0.3",
        "contentHash": "8bmcqEkBDIFLos49NgH4aWe0mK6t0GSxMzJZpXQbQNieDENCjEQ9jGmYS7Byyq/LL+XQ9CLz1nMq1nYrQe73jQ==",
        "dependencies": {
          "NetSparkleUpdater.Chaos.NaCl": "0.9.3"
        }
      },
      "Serilog.Extensions.Hosting": {
        "type": "Direct",
        "requested": "[9.0.0, )",
        "resolved": "9.0.0",
        "contentHash": "u2TRxuxbjvTAldQn7uaAwePkWxTHIqlgjelekBtilAGL5sYyF3+65NWctN4UrwwGLsDC7c3Vz3HnOlu+PcoxXg==",
        "dependencies": {
          "Microsoft.Extensions.DependencyInjection.Abstractions": "9.0.0",
          "Microsoft.Extensions.Hosting.Abstractions": "9.0.0",
          "Microsoft.Extensions.Logging.Abstractions": "9.0.0",
          "Serilog": "4.2.0",
          "Serilog.Extensions.Logging": "9.0.0"
        }
      },
      "Google.Protobuf": {
        "type": "Transitive",
        "resolved": "3.29.3",
        "contentHash": "t7nZFFUFwigCwZ+nIXHDLweXvwIpsOXi+P7J7smPT/QjI3EKxnCzTQOhBqyEh6XEzc/pNH+bCFOOSjatrPt6Tw=="
      },
      "Grpc.Core.Api": {
        "type": "Transitive",
        "resolved": "2.67.0",
        "contentHash": "cL1/2f8kc8lsAGNdfCU25deedXVehhLA6GXKLLN4hAWx16XN7BmjYn3gFU+FBpir5yJynvDTHEypr3Tl0j7x/Q=="
      },
      "Grpc.Net.Client": {
        "type": "Transitive",
        "resolved": "2.67.0",
        "contentHash": "ofTjJQfegWkVlk5R4k/LlwpcucpsBzntygd4iAeuKd/eLMkmBWoXN+xcjYJ5IibAahRpIJU461jABZvT6E9dwA==",
        "dependencies": {
          "Grpc.Net.Common": "2.67.0",
          "Microsoft.Extensions.Logging.Abstractions": "6.0.0"
        }
      },
      "Grpc.Net.Common": {
        "type": "Transitive",
        "resolved": "2.67.0",
        "contentHash": "gazn1cD2Eol0/W5ZJRV4PYbNrxJ9oMs8pGYux5S9E4MymClvl7aqYSmpqgmWAUWvziRqK9K+yt3cjCMfQ3x/5A==",
        "dependencies": {
          "Grpc.Core.Api": "2.67.0"
        }
      },
      "Microsoft.Extensions.Configuration": {
        "type": "Transitive",
        "resolved": "9.0.1",
        "contentHash": "VuthqFS+ju6vT8W4wevdhEFiRi1trvQtkzWLonApfF5USVzzDcTBoY3F24WvN/tffLSrycArVfX1bThm/9xY2A==",
        "dependencies": {
          "Microsoft.Extensions.Configuration.Abstractions": "9.0.1",
          "Microsoft.Extensions.Primitives": "9.0.1"
        }
      },
      "Microsoft.Extensions.Configuration.Abstractions": {
        "type": "Transitive",
        "resolved": "9.0.9",
        "contentHash": "p5RKAY9POvs3axwA/AQRuJeM8AHuE8h4qbP1NxQeGm0ep46aXz1oCLAp/oOYxX1GsjStgdhHrN3XXLLXr0+b3w==",
        "dependencies": {
          "Microsoft.Extensions.Primitives": "9.0.9"
        }
      },
      "Microsoft.Extensions.DependencyInjection": {
        "type": "Transitive",
        "resolved": "9.0.0",
        "contentHash": "MCPrg7v3QgNMr0vX4vzRXvkNGgLg8vKWX0nKCWUxu2uPyMsaRgiRc1tHBnbTcfJMhMKj2slE/j2M9oGkd25DNw==",
        "dependencies": {
          "Microsoft.Extensions.DependencyInjection.Abstractions": "9.0.0"
        }
      },
      "Microsoft.Extensions.Diagnostics.Abstractions": {
        "type": "Transitive",
        "resolved": "9.0.9",
        "contentHash": "YHGmxccrVZ2Ar3eI+/NdbOHkd1/HzrHvmQ5yBsp0Gl7jTyBe6qcXNYjUt9v9JIO+Z14la44+YYEe63JSqs1fYg==",
        "dependencies": {
          "Microsoft.Extensions.DependencyInjection.Abstractions": "9.0.9",
          "Microsoft.Extensions.Options": "9.0.9",
          "System.Diagnostics.DiagnosticSource": "9.0.9"
        }
      },
      "Microsoft.Extensions.FileProviders.Abstractions": {
        "type": "Transitive",
        "resolved": "9.0.9",
        "contentHash": "M1ZhL9QkBQ/k6l/Wjgcli5zrV86HzytQ+gQiNtk9vs9Ge1fb17KKZil9T6jd15p2x/BGfXpup7Hg55CC0kkfig==",
        "dependencies": {
          "Microsoft.Extensions.Primitives": "9.0.9"
        }
      },
      "Microsoft.Extensions.Logging": {
        "type": "Transitive",
        "resolved": "9.0.0",
        "contentHash": "crjWyORoug0kK7RSNJBTeSE6VX8IQgLf3nUpTB9m62bPXp/tzbnOsnbe8TXEG0AASNaKZddnpHKw7fET8E++Pg==",
        "dependencies": {
          "Microsoft.Extensions.DependencyInjection": "9.0.0",
          "Microsoft.Extensions.Logging.Abstractions": "9.0.0",
          "Microsoft.Extensions.Options": "9.0.0"
        }
      },
      "Microsoft.Extensions.Logging.Abstractions": {
        "type": "Transitive",
        "resolved": "9.0.9",
        "contentHash": "FEgpSF+Z9StMvrsSViaybOBwR0f0ZZxDm8xV5cSOFiXN/t+ys+rwAlTd/6yG7Ld1gfppgvLcMasZry3GsI9lGA==",
        "dependencies": {
          "Microsoft.Extensions.DependencyInjection.Abstractions": "9.0.9",
          "System.Diagnostics.DiagnosticSource": "9.0.9"
        }
      },
      "Microsoft.Extensions.Primitives": {
        "type": "Transitive",
        "resolved": "9.0.9",
        "contentHash": "z4pyMePOrl733ltTowbN565PxBw1oAr8IHmIXNDiDqd22nFpYltX9KhrNC/qBWAG1/Zx5MHX+cOYhWJQYCO/iw=="
      },
      "NetSparkleUpdater.Chaos.NaCl": {
        "type": "Transitive",
        "resolved": "0.9.3",
        "contentHash": "Copo3+rYuRVOuc6fmzHwXwehDC8l8DQ3y2VRI/d0sQTwProL4QAjkxRPV0zr3XBz1A8ZODXATOXV0hJXc7YdKg=="
      },
      "Semver": {
        "type": "Transitive",
        "resolved": "3.0.0",
        "contentHash": "9jZCicsVgTebqkAujRWtC9J1A5EQVlu0TVKHcgoCuv345ve5DYf4D1MjhKEnQjdRZo6x/vdv6QQrYFs7ilGzLA==",
        "dependencies": {
          "Microsoft.Extensions.Primitives": "5.0.1"
        }
      },
      "Serilog": {
        "type": "Transitive",
        "resolved": "4.2.0",
        "contentHash": "gmoWVOvKgbME8TYR+gwMf7osROiWAURterc6Rt2dQyX7wtjZYpqFiA/pY6ztjGQKKV62GGCyOcmtP1UKMHgSmA=="
      },
      "Serilog.Extensions.Logging": {
        "type": "Transitive",
        "resolved": "9.0.0",
        "contentHash": "NwSSYqPJeKNzl5AuXVHpGbr6PkZJFlNa14CdIebVjK3k/76kYj/mz5kiTRNVSsSaxM8kAIa1kpy/qyT9E4npRQ==",
        "dependencies": {
          "Microsoft.Extensions.Logging": "9.0.0",
          "Serilog": "4.2.0"
        }
      },
      "System.Diagnostics.DiagnosticSource": {
        "type": "Transitive",
        "resolved": "9.0.9",
        "contentHash": "8hy61dsFYYSDjT9iTAfygGMU3A0EAnG69x5FUXeKsCjMhBmtTBt4UMUEW3ipprFoorOW6Jw/7hDMjXtlrsOvVQ=="
      },
      "System.IO.Pipelines": {
        "type": "Transitive",
        "resolved": "9.0.1",
        "contentHash": "uXf5o8eV/gtzDQY4lGROLFMWQvcViKcF8o4Q6KpIOjloAQXrnscQSu6gTxYJMHuNJnh7szIF9AzkaEq+zDLoEg=="
      },
      "Coder.Desktop.CoderSdk": {
        "type": "Project"
      },
      "Coder.Desktop.MutagenSdk": {
        "type": "Project",
        "dependencies": {
          "Google.Protobuf": "[3.29.3, )",
          "Grpc.Net.Client": "[2.67.0, )"
        }
      },
      "Coder.Desktop.Vpn": {
        "type": "Project",
        "dependencies": {
          "Coder.Desktop.Vpn.Proto": "[1.0.0, )",
          "Microsoft.Extensions.Configuration": "[9.0.1, )",
          "Semver": "[3.0.0, )",
          "System.IO.Pipelines": "[9.0.1, )"
        }
      },
      "Coder.Desktop.Vpn.Proto": {
        "type": "Project",
        "dependencies": {
          "Google.Protobuf": "[3.29.3, )"
        }
      }
    }
  }
}