{
  "version": 1,
  "dependencies": {
    "net8.0": {
      "Google.Protobuf": {
        "type": "Transitive",
        "resolved": "3.29.3",
        "contentHash": "t7nZFFUFwigCwZ+nIXHDLweXvwIpsOXi+P7J7smPT/QjI3EKxnCzTQOhBqyEh6XEzc/pNH+bCFOOSjatrPt6Tw=="
      },
      "Coder.Desktop.Vpn": {
        "type": "Project"
      },
      "Coder.Desktop.Vpn.Proto": {
        "type": "Project",
        "dependencies": {
          "Google.Protobuf": "[3.29.3, )"
        }
      }
    }
  }
}